
Microsoft Visual Studio Solution File, Format Version 12.00
# Visual Studio Version 17
VisualStudioVersion = 17.4.33103.184
MinimumVisualStudioVersion = 10.0.40219.1
Project("{FAE04EC0-301F-11D3-BF4B-00C04F79EFBC}") = "webapi.filmes.manha", "webapi.filmes.manha\webapi.filmes.manha.csproj", "{CFFA52AF-1632-4CCA-8A23-1918624931A5}"
EndProject
Global
	GlobalSection(SolutionConfigurationPlatforms) = preSolution
		Debug|Any CPU = Debug|Any CPU
		Release|Any CPU = Release|Any CPU
	EndGlobalSection
	GlobalSection(ProjectConfigurationPlatforms) = postSolution
		{CFFA52AF-1632-4CCA-8A23-1918624931A5}.Debug|Any CPU.ActiveCfg = Debug|Any CPU
		{CFFA52AF-1632-4CCA-8A23-1918624931A5}.Debug|Any CPU.Build.0 = Debug|Any CPU
		{CFFA52AF-1632-4CCA-8A23-1918624931A5}.Release|Any CPU.ActiveCfg = Release|Any CPU
		{CFFA52AF-1632-4CCA-8A23-1918624931A5}.Release|Any CPU.Build.0 = Release|Any CPU
	EndGlobalSection
	GlobalSection(SolutionProperties) = preSolution
		HideSolutionNode = FALSE
	EndGlobalSection
	GlobalSection(ExtensibilityGlobals) = postSolution
		SolutionGuid = {F4BE2087-C1EC-4384-8528-0F6A9A3831BE}
	EndGlobalSection
EndGlobal
